PODS:
  - CircleProgressBar (0.32)
  - CTMediator (46)
  - HHTransition (3.0.2)
  - iOSDFULibrary (4.13.0):
    - ZIPFoundation (= 0.9.11)
  - Masonry (1.1.0)
  - MBProgressHUD (1.2.0)
  - MJRefresh (3.7.5)
  - MKBaseBleModule (1.1.3)
  - MKBaseModuleLibrary (1.1.5):
    - MKBaseModuleLibrary/Base (= 1.1.5)
    - MKBaseModuleLibrary/Category (= 1.1.5)
    - MKBaseModuleLibrary/Defines (= 1.1.5)
    - MKBaseModuleLibrary/Tools (= 1.1.5)
  - MKBaseModuleLibrary/Base (1.1.5):
    - MKBaseModuleLibrary/Base/Cell (= 1.1.5)
    - MKBaseModuleLibrary/Base/Controller (= 1.1.5)
    - MKBaseModuleLibrary/Base/NavigationController (= 1.1.5)
    - MKBaseModuleLibrary/Base/View (= 1.1.5)
  - MKBaseModuleLibrary/Base/Cell (1.1.5):
    - MKBaseModuleLibrary/Base/Cell/MKBaseCell (= 1.1.5)
  - MKBaseModuleLibrary/Base/Cell/MKBaseCell (1.1.5):
    - Masonry
    - MKBaseModuleLibrary/Defines
  - MKBaseModuleLibrary/Base/Controller (1.1.5):
    - MKBaseModuleLibrary/Category
    - MKBaseModuleLibrary/Defines
    - WRNavigationBar
  - MKBaseModuleLibrary/Base/NavigationController (1.1.5)
  - MKBaseModuleLibrary/Base/View (1.1.5):
    - MKBaseModuleLibrary/Base/View/CollectionView (= 1.1.5)
    - MKBaseModuleLibrary/Base/View/TableView (= 1.1.5)
  - MKBaseModuleLibrary/Base/View/CollectionView (1.1.5)
  - MKBaseModuleLibrary/Base/View/TableView (1.1.5)
  - MKBaseModuleLibrary/Category (1.1.5):
    - MKBaseModuleLibrary/Defines
    - MKBaseModuleLibrary/Tools/MKClassInfo
    - Toast
  - MKBaseModuleLibrary/Defines (1.1.5)
  - MKBaseModuleLibrary/Tools (1.1.5):
    - MKBaseModuleLibrary/Tools/MKClassInfo (= 1.1.5)
    - MKBaseModuleLibrary/Tools/MKDateFormatter (= 1.1.5)
    - MKBaseModuleLibrary/Tools/MKModuleManager (= 1.1.5)
  - MKBaseModuleLibrary/Tools/MKClassInfo (1.1.5)
  - MKBaseModuleLibrary/Tools/MKDateFormatter (1.1.5)
  - MKBaseModuleLibrary/Tools/MKModuleManager (1.1.5)
  - MKBeaconXCustomUI (1.0.5):
    - MKBaseModuleLibrary
    - MKBeaconXCustomUI/Defines (= 1.0.5)
    - MKBeaconXCustomUI/DeviceInfoPage (= 1.0.5)
    - MKBeaconXCustomUI/QuickSwitchCell (= 1.0.5)
    - MKBeaconXCustomUI/ScanUI (= 1.0.5)
    - MKBeaconXCustomUI/SlotAdopter (= 1.0.5)
    - MKBeaconXCustomUI/SlotConfig (= 1.0.5)
    - MKCustomUIModule
    - MLInputDodger
  - MKBeaconXCustomUI/Defines (1.0.5):
    - MKBaseModuleLibrary
    - MKCustomUIModule
    - MLInputDodger
  - MKBeaconXCustomUI/DeviceInfoPage (1.0.5):
    - MKBaseModuleLibrary
    - MKBeaconXCustomUI/DeviceInfoPage/Controller (= 1.0.5)
    - MKBeaconXCustomUI/DeviceInfoPage/Protocol (= 1.0.5)
    - MKCustomUIModule
    - MLInputDodger
  - MKBeaconXCustomUI/DeviceInfoPage/Controller (1.0.5):
    - MKBaseModuleLibrary
    - MKBeaconXCustomUI/DeviceInfoPage/Protocol
    - MKCustomUIModule
    - MLInputDodger
  - MKBeaconXCustomUI/DeviceInfoPage/Protocol (1.0.5):
    - MKBaseModuleLibrary
    - MKCustomUIModule
    - MLInputDodger
  - MKBeaconXCustomUI/QuickSwitchCell (1.0.5):
    - MKBaseModuleLibrary
    - MKCustomUIModule
    - MLInputDodger
  - MKBeaconXCustomUI/ScanUI (1.0.5):
    - MKBaseModuleLibrary
    - MKBeaconXCustomUI/ScanUI/Adopter (= 1.0.5)
    - MKBeaconXCustomUI/ScanUI/ScanCell (= 1.0.5)
    - MKBeaconXCustomUI/ScanUI/ScanFilterView (= 1.0.5)
    - MKBeaconXCustomUI/ScanUI/ScanSearchButton (= 1.0.5)
    - MKCustomUIModule
    - MLInputDodger
  - MKBeaconXCustomUI/ScanUI/Adopter (1.0.5):
    - MKBaseModuleLibrary
    - MKBeaconXCustomUI/ScanUI/ScanCell
    - MKCustomUIModule
    - MLInputDodger
  - MKBeaconXCustomUI/ScanUI/ScanCell (1.0.5):
    - MKBaseModuleLibrary
    - MKBeaconXCustomUI/ScanUI/ScanCell/ScanBeaconCell (= 1.0.5)
    - MKBeaconXCustomUI/ScanUI/ScanCell/ScanHTCell (= 1.0.5)
    - MKBeaconXCustomUI/ScanUI/ScanCell/ScanInfoCell (= 1.0.5)
    - MKBeaconXCustomUI/ScanUI/ScanCell/ScanThreeASensorCell (= 1.0.5)
    - MKBeaconXCustomUI/ScanUI/ScanCell/ScanTLMCell (= 1.0.5)
    - MKBeaconXCustomUI/ScanUI/ScanCell/ScanUIDCell (= 1.0.5)
    - MKBeaconXCustomUI/ScanUI/ScanCell/ScanURLCell (= 1.0.5)
    - MKCustomUIModule
    - MLInputDodger
  - MKBeaconXCustomUI/ScanUI/ScanCell/ScanBeaconCell (1.0.5):
    - MKBaseModuleLibrary
    - MKCustomUIModule
    - MLInputDodger
  - MKBeaconXCustomUI/ScanUI/ScanCell/ScanHTCell (1.0.5):
    - MKBaseModuleLibrary
    - MKCustomUIModule
    - MLInputDodger
  - MKBeaconXCustomUI/ScanUI/ScanCell/ScanInfoCell (1.0.5):
    - MKBaseModuleLibrary
    - MKCustomUIModule
    - MLInputDodger
  - MKBeaconXCustomUI/ScanUI/ScanCell/ScanThreeASensorCell (1.0.5):
    - MKBaseModuleLibrary
    - MKCustomUIModule
    - MLInputDodger
  - MKBeaconXCustomUI/ScanUI/ScanCell/ScanTLMCell (1.0.5):
    - MKBaseModuleLibrary
    - MKCustomUIModule
    - MLInputDodger
  - MKBeaconXCustomUI/ScanUI/ScanCell/ScanUIDCell (1.0.5):
    - MKBaseModuleLibrary
    - MKCustomUIModule
    - MLInputDodger
  - MKBeaconXCustomUI/ScanUI/ScanCell/ScanURLCell (1.0.5):
    - MKBaseModuleLibrary
    - MKCustomUIModule
    - MLInputDodger
  - MKBeaconXCustomUI/ScanUI/ScanFilterView (1.0.5):
    - MKBaseModuleLibrary
    - MKCustomUIModule
    - MLInputDodger
  - MKBeaconXCustomUI/ScanUI/ScanSearchButton (1.0.5):
    - MKBaseModuleLibrary
    - MKCustomUIModule
    - MLInputDodger
  - MKBeaconXCustomUI/SlotAdopter (1.0.5):
    - MKBaseModuleLibrary
    - MKBeaconXCustomUI/Defines
    - MKCustomUIModule
    - MLInputDodger
  - MKBeaconXCustomUI/SlotConfig (1.0.5):
    - MKBaseModuleLibrary
    - MKBeaconXCustomUI/SlotConfig/FrameTypePickView (= 1.0.5)
    - MKBeaconXCustomUI/SlotConfig/Protocol (= 1.0.5)
    - MKBeaconXCustomUI/SlotConfig/SlotConfigCell (= 1.0.5)
    - MKBeaconXCustomUI/SlotConfig/TriggerCell (= 1.0.5)
    - MKBeaconXCustomUI/SlotConfig/TriggerView (= 1.0.5)
    - MKCustomUIModule
    - MLInputDodger
  - MKBeaconXCustomUI/SlotConfig/FrameTypePickView (1.0.5):
    - MKBaseModuleLibrary
    - MKBeaconXCustomUI/Defines
    - MKCustomUIModule
    - MLInputDodger
  - MKBeaconXCustomUI/SlotConfig/Protocol (1.0.5):
    - MKBaseModuleLibrary
    - MKCustomUIModule
    - MLInputDodger
  - MKBeaconXCustomUI/SlotConfig/SlotConfigCell (1.0.5):
    - MKBaseModuleLibrary
    - MKBeaconXCustomUI/SlotAdopter
    - MKBeaconXCustomUI/SlotConfig/Protocol
    - MKBeaconXCustomUI/SlotConfig/SlotConfigCell/BeaconCell (= 1.0.5)
    - MKBeaconXCustomUI/SlotConfig/SlotConfigCell/DeviceInfoCell (= 1.0.5)
    - MKBeaconXCustomUI/SlotConfig/SlotConfigCell/UIDCell (= 1.0.5)
    - MKBeaconXCustomUI/SlotConfig/SlotConfigCell/URLCell (= 1.0.5)
    - MKCustomUIModule
    - MLInputDodger
  - MKBeaconXCustomUI/SlotConfig/SlotConfigCell/BeaconCell (1.0.5):
    - MKBaseModuleLibrary
    - MKBeaconXCustomUI/SlotAdopter
    - MKBeaconXCustomUI/SlotConfig/Protocol
    - MKCustomUIModule
    - MLInputDodger
  - MKBeaconXCustomUI/SlotConfig/SlotConfigCell/DeviceInfoCell (1.0.5):
    - MKBaseModuleLibrary
    - MKBeaconXCustomUI/SlotAdopter
    - MKBeaconXCustomUI/SlotConfig/Protocol
    - MKCustomUIModule
    - MLInputDodger
  - MKBeaconXCustomUI/SlotConfig/SlotConfigCell/UIDCell (1.0.5):
    - MKBaseModuleLibrary
    - MKBeaconXCustomUI/SlotAdopter
    - MKBeaconXCustomUI/SlotConfig/Protocol
    - MKCustomUIModule
    - MLInputDodger
  - MKBeaconXCustomUI/SlotConfig/SlotConfigCell/URLCell (1.0.5):
    - MKBaseModuleLibrary
    - MKBeaconXCustomUI/SlotAdopter
    - MKBeaconXCustomUI/SlotConfig/Protocol
    - MKCustomUIModule
    - MLInputDodger
  - MKBeaconXCustomUI/SlotConfig/TriggerCell (1.0.5):
    - MKBaseModuleLibrary
    - MKBeaconXCustomUI/SlotConfig/Protocol
    - MKBeaconXCustomUI/SlotConfig/TriggerView
    - MKCustomUIModule
    - MLInputDodger
  - MKBeaconXCustomUI/SlotConfig/TriggerView (1.0.5):
    - MKBaseModuleLibrary
    - MKCustomUIModule
    - MLInputDodger
  - MKBeaconXTag (0.1.0):
    - CTMediator
    - HHTransition
    - iOSDFULibrary
    - MKBaseBleModule
    - MKBaseModuleLibrary
    - MKBeaconXCustomUI
    - MKCustomUIModule
    - MLInputDodger
  - MKCustomUIModule (1.4.3):
    - CircleProgressBar
    - Masonry
    - MBProgressHUD
    - MJRefresh
    - MKBaseModuleLibrary
    - MKCustomUIModule/Cell (= 1.4.3)
    - MKCustomUIModule/Controller (= 1.4.3)
    - MKCustomUIModule/MQTTServerView (= 1.4.3)
    - MKCustomUIModule/UIAdopter (= 1.4.3)
    - MKCustomUIModule/View (= 1.4.3)
  - MKCustomUIModule/Cell (1.4.3):
    - CircleProgressBar
    - Masonry
    - MBProgressHUD
    - MJRefresh
    - MKBaseModuleLibrary
    - MKCustomUIModule/Cell/LoRaCell (= 1.4.3)
    - MKCustomUIModule/Cell/NormalCell (= 1.4.3)
  - MKCustomUIModule/Cell/LoRaCell (1.4.3):
    - CircleProgressBar
    - Masonry
    - MBProgressHUD
    - MJRefresh
    - MKBaseModuleLibrary
    - MKCustomUIModule/Cell/LoRaCell/MKAdvancedSettingCell (= 1.4.3)
    - MKCustomUIModule/Cell/LoRaCell/MKFilterConditionCell (= 1.4.3)
    - MKCustomUIModule/Cell/LoRaCell/MKFilterDataCell (= 1.4.3)
    - MKCustomUIModule/Cell/LoRaCell/MKFilterRawAdvDataCell (= 1.4.3)
    - MKCustomUIModule/Cell/LoRaCell/MKLoraDeviceTypeCell (= 1.4.3)
    - MKCustomUIModule/Cell/LoRaCell/MKLoRaSettingCHCell (= 1.4.3)
    - MKCustomUIModule/Cell/LoRaCell/MKMeasureTxPowerCell (= 1.4.3)
    - MKCustomUIModule/Cell/LoRaCell/MKMixedChoiceCell (= 1.4.3)
    - MKCustomUIModule/Cell/LoRaCell/MKRawAdvDataOperationCell (= 1.4.3)
  - MKCustomUIModule/Cell/LoRaCell/MKAdvancedSettingCell (1.4.3):
    - CircleProgressBar
    - Masonry
    - MBProgressHUD
    - MJRefresh
    - MKBaseModuleLibrary
  - MKCustomUIModule/Cell/LoRaCell/MKFilterConditionCell (1.4.3):
    - CircleProgressBar
    - Masonry
    - MBProgressHUD
    - MJRefresh
    - MKBaseModuleLibrary
    - MKCustomUIModule/UIAdopter
    - MKCustomUIModule/View/MKPickerView
  - MKCustomUIModule/Cell/LoRaCell/MKFilterDataCell (1.4.3):
    - CircleProgressBar
    - Masonry
    - MBProgressHUD
    - MJRefresh
    - MKBaseModuleLibrary
    - MKCustomUIModule/View/MKTextField
  - MKCustomUIModule/Cell/LoRaCell/MKFilterRawAdvDataCell (1.4.3):
    - CircleProgressBar
    - Masonry
    - MBProgressHUD
    - MJRefresh
    - MKBaseModuleLibrary
    - MKCustomUIModule/View/MKTextField
  - MKCustomUIModule/Cell/LoRaCell/MKLoraDeviceTypeCell (1.4.3):
    - CircleProgressBar
    - Masonry
    - MBProgressHUD
    - MJRefresh
    - MKBaseModuleLibrary
  - MKCustomUIModule/Cell/LoRaCell/MKLoRaSettingCHCell (1.4.3):
    - CircleProgressBar
    - Masonry
    - MBProgressHUD
    - MJRefresh
    - MKBaseModuleLibrary
    - MKCustomUIModule/View/MKPickerView
  - MKCustomUIModule/Cell/LoRaCell/MKMeasureTxPowerCell (1.4.3):
    - CircleProgressBar
    - Masonry
    - MBProgressHUD
    - MJRefresh
    - MKBaseModuleLibrary
    - MKCustomUIModule/UIAdopter
    - MKCustomUIModule/View/MKSlider
  - MKCustomUIModule/Cell/LoRaCell/MKMixedChoiceCell (1.4.3):
    - CircleProgressBar
    - Masonry
    - MBProgressHUD
    - MJRefresh
    - MKBaseModuleLibrary
  - MKCustomUIModule/Cell/LoRaCell/MKRawAdvDataOperationCell (1.4.3):
    - CircleProgressBar
    - Masonry
    - MBProgressHUD
    - MJRefresh
    - MKBaseModuleLibrary
  - MKCustomUIModule/Cell/NormalCell (1.4.3):
    - CircleProgressBar
    - Masonry
    - MBProgressHUD
    - MJRefresh
    - MKBaseModuleLibrary
    - MKCustomUIModule/Cell/NormalCell/MKNormalSliderCell (= 1.4.3)
    - MKCustomUIModule/Cell/NormalCell/MKNormalTextCell (= 1.4.3)
    - MKCustomUIModule/Cell/NormalCell/MKSettingTextCell (= 1.4.3)
    - MKCustomUIModule/Cell/NormalCell/MKTextButtonCell (= 1.4.3)
    - MKCustomUIModule/Cell/NormalCell/MKTextFieldCell (= 1.4.3)
    - MKCustomUIModule/Cell/NormalCell/MKTextSwitchCell (= 1.4.3)
  - MKCustomUIModule/Cell/NormalCell/MKNormalSliderCell (1.4.3):
    - CircleProgressBar
    - Masonry
    - MBProgressHUD
    - MJRefresh
    - MKBaseModuleLibrary
    - MKCustomUIModule/UIAdopter
    - MKCustomUIModule/View/MKSlider
  - MKCustomUIModule/Cell/NormalCell/MKNormalTextCell (1.4.3):
    - CircleProgressBar
    - Masonry
    - MBProgressHUD
    - MJRefresh
    - MKBaseModuleLibrary
  - MKCustomUIModule/Cell/NormalCell/MKSettingTextCell (1.4.3):
    - CircleProgressBar
    - Masonry
    - MBProgressHUD
    - MJRefresh
    - MKBaseModuleLibrary
  - MKCustomUIModule/Cell/NormalCell/MKTextButtonCell (1.4.3):
    - CircleProgressBar
    - Masonry
    - MBProgressHUD
    - MJRefresh
    - MKBaseModuleLibrary
    - MKCustomUIModule/View/MKPickerView
  - MKCustomUIModule/Cell/NormalCell/MKTextFieldCell (1.4.3):
    - CircleProgressBar
    - Masonry
    - MBProgressHUD
    - MJRefresh
    - MKBaseModuleLibrary
    - MKCustomUIModule/View/MKTextField
  - MKCustomUIModule/Cell/NormalCell/MKTextSwitchCell (1.4.3):
    - CircleProgressBar
    - Masonry
    - MBProgressHUD
    - MJRefresh
    - MKBaseModuleLibrary
  - MKCustomUIModule/Controller (1.4.3):
    - CircleProgressBar
    - Masonry
    - MBProgressHUD
    - MJRefresh
    - MKBaseModuleLibrary
    - MKCustomUIModule/Controller/CASelectPage (= 1.4.3)
    - MKCustomUIModule/Controller/MKAboutPage (= 1.4.3)
    - MKCustomUIModule/Controller/MKAlertController (= 1.4.3)
    - MKCustomUIModule/Controller/MKTrackerAboutPage (= 1.4.3)
    - MKCustomUIModule/Controller/MKTrackerLogPage (= 1.4.3)
  - MKCustomUIModule/Controller/CASelectPage (1.4.3):
    - CircleProgressBar
    - Masonry
    - MBProgressHUD
    - MJRefresh
    - MKBaseModuleLibrary
    - MKCustomUIModule/Controller/CASelectPage/Controller (= 1.4.3)
  - MKCustomUIModule/Controller/CASelectPage/Controller (1.4.3):
    - CircleProgressBar
    - Masonry
    - MBProgressHUD
    - MJRefresh
    - MKBaseModuleLibrary
    - MKCustomUIModule/Cell/NormalCell/MKNormalTextCell
  - MKCustomUIModule/Controller/MKAboutPage (1.4.3):
    - CircleProgressBar
    - Masonry
    - MBProgressHUD
    - MJRefresh
    - MKBaseModuleLibrary
    - MKCustomUIModule/Controller/MKAboutPage/Controller (= 1.4.3)
    - MKCustomUIModule/Controller/MKAboutPage/Model (= 1.4.3)
    - MKCustomUIModule/Controller/MKAboutPage/View (= 1.4.3)
  - MKCustomUIModule/Controller/MKAboutPage/Controller (1.4.3):
    - CircleProgressBar
    - Masonry
    - MBProgressHUD
    - MJRefresh
    - MKBaseModuleLibrary
    - MKCustomUIModule/Controller/MKAboutPage/Model
    - MKCustomUIModule/Controller/MKAboutPage/View
  - MKCustomUIModule/Controller/MKAboutPage/Model (1.4.3):
    - CircleProgressBar
    - Masonry
    - MBProgressHUD
    - MJRefresh
    - MKBaseModuleLibrary
  - MKCustomUIModule/Controller/MKAboutPage/View (1.4.3):
    - CircleProgressBar
    - Masonry
    - MBProgressHUD
    - MJRefresh
    - MKBaseModuleLibrary
    - MKCustomUIModule/Controller/MKAboutPage/Model
  - MKCustomUIModule/Controller/MKAlertController (1.4.3):
    - CircleProgressBar
    - Masonry
    - MBProgressHUD
    - MJRefresh
    - MKBaseModuleLibrary
  - MKCustomUIModule/Controller/MKTrackerAboutPage (1.4.3):
    - CircleProgressBar
    - Masonry
    - MBProgressHUD
    - MJRefresh
    - MKBaseModuleLibrary
    - MKCustomUIModule/Controller/MKTrackerAboutPage/Controller (= 1.4.3)
  - MKCustomUIModule/Controller/MKTrackerAboutPage/Controller (1.4.3):
    - CircleProgressBar
    - Masonry
    - MBProgressHUD
    - MJRefresh
    - MKBaseModuleLibrary
  - MKCustomUIModule/Controller/MKTrackerLogPage (1.4.3):
    - CircleProgressBar
    - Masonry
    - MBProgressHUD
    - MJRefresh
    - MKBaseModuleLibrary
    - MKCustomUIModule/Controller/MKTrackerLogPage/Controller (= 1.4.3)
  - MKCustomUIModule/Controller/MKTrackerLogPage/Controller (1.4.3):
    - CircleProgressBar
    - Masonry
    - MBProgressHUD
    - MJRefresh
    - MKBaseModuleLibrary
  - MKCustomUIModule/MQTTServerView (1.4.3):
    - CircleProgressBar
    - Masonry
    - MBProgressHUD
    - MJRefresh
    - MKBaseModuleLibrary
    - MKCustomUIModule/MQTTServerView/GeneralParams (= 1.4.3)
    - MKCustomUIModule/MQTTServerView/SSL (= 1.4.3)
    - MKCustomUIModule/MQTTServerView/UserCredentials (= 1.4.3)
  - MKCustomUIModule/MQTTServerView/GeneralParams (1.4.3):
    - CircleProgressBar
    - Masonry
    - MBProgressHUD
    - MJRefresh
    - MKBaseModuleLibrary
    - MKCustomUIModule/View/MKTextField
  - MKCustomUIModule/MQTTServerView/SSL (1.4.3):
    - CircleProgressBar
    - Masonry
    - MBProgressHUD
    - MJRefresh
    - MKBaseModuleLibrary
  - MKCustomUIModule/MQTTServerView/UserCredentials (1.4.3):
    - CircleProgressBar
    - Masonry
    - MBProgressHUD
    - MJRefresh
    - MKBaseModuleLibrary
    - MKCustomUIModule/View/MKTextField
  - MKCustomUIModule/UIAdopter (1.4.3):
    - CircleProgressBar
    - Masonry
    - MBProgressHUD
    - MJRefresh
    - MKBaseModuleLibrary
    - MKCustomUIModule/View
  - MKCustomUIModule/View (1.4.3):
    - CircleProgressBar
    - Masonry
    - MBProgressHUD
    - MJRefresh
    - MKBaseModuleLibrary
    - MKCustomUIModule/View/HaveRefreshView (= 1.4.3)
    - MKCustomUIModule/View/MKAlertView (= 1.4.3)
    - MKCustomUIModule/View/MKHexKeyBoard (= 1.4.3)
    - MKCustomUIModule/View/MKHudManager (= 1.4.3)
    - MKCustomUIModule/View/MKPageControl (= 1.4.3)
    - MKCustomUIModule/View/MKPickerView (= 1.4.3)
    - MKCustomUIModule/View/MKProgressView (= 1.4.3)
    - MKCustomUIModule/View/MKSearchButton (= 1.4.3)
    - MKCustomUIModule/View/MKSearchConditionsView (= 1.4.3)
    - MKCustomUIModule/View/MKSlider (= 1.4.3)
    - MKCustomUIModule/View/MKTableSectionHeader (= 1.4.3)
    - MKCustomUIModule/View/MKTextField (= 1.4.3)
    - MKCustomUIModule/View/NirKxMenu (= 1.4.3)
    - MKCustomUIModule/View/WifiAlertView (= 1.4.3)
  - MKCustomUIModule/View/HaveRefreshView (1.4.3):
    - CircleProgressBar
    - Masonry
    - MBProgressHUD
    - MJRefresh
    - MKBaseModuleLibrary
  - MKCustomUIModule/View/MKAlertView (1.4.3):
    - CircleProgressBar
    - Masonry
    - MBProgressHUD
    - MJRefresh
    - MKBaseModuleLibrary
    - MKCustomUIModule/View/MKTextField
  - MKCustomUIModule/View/MKHexKeyBoard (1.4.3):
    - CircleProgressBar
    - Masonry
    - MBProgressHUD
    - MJRefresh
    - MKBaseModuleLibrary
  - MKCustomUIModule/View/MKHudManager (1.4.3):
    - CircleProgressBar
    - Masonry
    - MBProgressHUD
    - MJRefresh
    - MKBaseModuleLibrary
  - MKCustomUIModule/View/MKPageControl (1.4.3):
    - CircleProgressBar
    - Masonry
    - MBProgressHUD
    - MJRefresh
    - MKBaseModuleLibrary
  - MKCustomUIModule/View/MKPickerView (1.4.3):
    - CircleProgressBar
    - Masonry
    - MBProgressHUD
    - MJRefresh
    - MKBaseModuleLibrary
  - MKCustomUIModule/View/MKProgressView (1.4.3):
    - CircleProgressBar
    - Masonry
    - MBProgressHUD
    - MJRefresh
    - MKBaseModuleLibrary
  - MKCustomUIModule/View/MKSearchButton (1.4.3):
    - CircleProgressBar
    - Masonry
    - MBProgressHUD
    - MJRefresh
    - MKBaseModuleLibrary
  - MKCustomUIModule/View/MKSearchConditionsView (1.4.3):
    - CircleProgressBar
    - Masonry
    - MBProgressHUD
    - MJRefresh
    - MKBaseModuleLibrary
    - MKCustomUIModule/View/MKSlider
  - MKCustomUIModule/View/MKSlider (1.4.3):
    - CircleProgressBar
    - Masonry
    - MBProgressHUD
    - MJRefresh
    - MKBaseModuleLibrary
  - MKCustomUIModule/View/MKTableSectionHeader (1.4.3):
    - CircleProgressBar
    - Masonry
    - MBProgressHUD
    - MJRefresh
    - MKBaseModuleLibrary
  - MKCustomUIModule/View/MKTextField (1.4.3):
    - CircleProgressBar
    - Masonry
    - MBProgressHUD
    - MJRefresh
    - MKBaseModuleLibrary
  - MKCustomUIModule/View/NirKxMenu (1.4.3):
    - CircleProgressBar
    - Masonry
    - MBProgressHUD
    - MJRefresh
    - MKBaseModuleLibrary
  - MKCustomUIModule/View/WifiAlertView (1.4.3):
    - CircleProgressBar
    - Masonry
    - MBProgressHUD
    - MJRefresh
    - MKBaseModuleLibrary
    - MKCustomUIModule/View/MKTextField
  - MLInputDodger (1.5.2)
  - Toast (4.0.0)
  - WRNavigationBar (1.4.0)
  - ZIPFoundation (0.9.11)

DEPENDENCIES:
  - MKBeaconXTag (from `../`)

SPEC REPOS:
  https://github.com/CocoaPods/Specs.git:
    - CircleProgressBar
    - CTMediator
    - HHTransition
    - iOSDFULibrary
    - Masonry
    - MBProgressHUD
    - MJRefresh
    - MKBaseBleModule
    - MKBaseModuleLibrary
    - MKBeaconXCustomUI
    - MKCustomUIModule
    - MLInputDodger
    - Toast
    - WRNavigationBar
    - ZIPFoundation

EXTERNAL SOURCES:
  MKBeaconXTag:
    :path: "../"

SPEC CHECKSUMS:
  CircleProgressBar: 3920079be5224b62b3d9ed6eeb23ac01c835b681
  CTMediator: f1cf58d509fb3192086c367711f039efd769b907
  HHTransition: ca5035c126a6a2dc1eb9a90d084013784bf4bf0a
  iOSDFULibrary: 3b9de67ed4bfb901b5f09c2fea843f65e152612d
  Masonry: 678fab65091a9290e40e2832a55e7ab731aad201
  MBProgressHUD: 3ee5efcc380f6a79a7cc9b363dd669c5e1ae7406
  MJRefresh: fdf5e979eb406a0341468932d1dfc8b7f9fce961
  MKBaseBleModule: ae6aa81e33e016777c5bf0ca7b05762647dfff77
  MKBaseModuleLibrary: bfe8141f0ec3f60a9d3d71fb3ea82eac1bcf74fb
  MKBeaconXCustomUI: 610a32a01d4a8ad7ffa1c8f93a13d408ac8061ce
  MKBeaconXTag: 9cb15ed2ee6da6bea0360f4c8b2c7114c58f99df
  MKCustomUIModule: 49a47c2e1683bb06f15ba9659d6ce693a76c6a1b
  MLInputDodger: 79a0e420a80d0d3bba122bf2639603cc76609ba8
  Toast: 91b396c56ee72a5790816f40d3a94dd357abc196
  WRNavigationBar: 10bfdf96addf14d640d07c2ef08a029c18d8af10
  ZIPFoundation: b1f0de4eed33e74a676f76e12559ab6b75990197

PODFILE CHECKSUM: 024a7c1c3127e8c465ed1acdb7bd33c6f0ac05dd

COCOAPODS: 1.10.0.rc.1
